
Microsoft Visual Studio Solution File, Format Version 12.00
# Visual Studio Version 16
VisualStudioVersion = 16.0.29806.167
MinimumVisualStudioVersion = 10.0.40219.1
Project("{8BC9CEB8-8B4A-11D0-8D11-00A0C91BC942}") = "[EDD]Proyecto1_201801527", "[EDD]Proyecto1_201801527\[EDD]Proyecto1_201801527.vcxproj", "{39E8968F-BF02-4FF4-AB07-83E6F233A708}"
EndProject
Global
	GlobalSection(SolutionConfigurationPlatforms) = preSolution
		Debug|x64 = Debug|x64
		Debug|x86 = Debug|x86
		Release|x64 = Release|x64
		Release|x86 = Release|x86
	EndGlobalSection
	GlobalSection(ProjectConfigurationPlatforms) = postSolution
		{39E8968F-BF02-4FF4-AB07-83E6F233A708}.Debug|x64.ActiveCfg = Debug|x64
		{39E8968F-BF02-4FF4-AB07-83E6F233A708}.Debug|x64.Build.0 = Debug|x64
		{39E8968F-BF02-4FF4-AB07-83E6F233A708}.Debug|x86.ActiveCfg = Debug|Win32
		{39E8968F-BF02-4FF4-AB07-83E6F233A708}.Debug|x86.Build.0 = Debug|Win32
		{39E8968F-BF02-4FF4-AB07-83E6F233A708}.Release|x64.ActiveCfg = Release|x64
		{39E8968F-BF02-4FF4-AB07-83E6F233A708}.Release|x64.Build.0 = Release|x64
		{39E8968F-BF02-4FF4-AB07-83E6F233A708}.Release|x86.ActiveCfg = Release|Win32
		{39E8968F-BF02-4FF4-AB07-83E6F233A708}.Release|x86.Build.0 = Release|Win32
	EndGlobalSection
	GlobalSection(SolutionProperties) = preSolution
		HideSolutionNode = FALSE
	EndGlobalSection
	GlobalSection(ExtensibilityGlobals) = postSolution
		SolutionGuid = {5330F3F6-FAD1-4BF7-B13D-CE2BD8453BD9}
	EndGlobalSection
EndGlobal
